
Microsoft Visual Studio Solution File, Format Version 12.00
Project("{FAE04EC0-301F-11D3-BF4B-00C04F79EFBC}") = "CommandPattern", "CommandPattern\CommandPattern.csproj", "{77E21461-F990-48A1-9DC4-33B541A80E70}"
EndProject
Global
	GlobalSection(SolutionConfigurationPlatforms) = preSolution
		Debug|Any CPU = Debug|Any CPU
		Release|Any CPU = Release|Any CPU
	EndGlobalSection
	GlobalSection(ProjectConfigurationPlatforms) = postSolution
		{77E21461-F990-48A1-9DC4-33B541A80E70}.Debug|Any CPU.ActiveCfg = Debug|Any CPU
		{77E21461-F990-48A1-9DC4-33B541A80E70}.Debug|Any CPU.Build.0 = Debug|Any CPU
		{77E21461-F990-48A1-9DC4-33B541A80E70}.Release|Any CPU.ActiveCfg = Release|Any CPU
		{77E21461-F990-48A1-9DC4-33B541A80E70}.Release|Any CPU.Build.0 = Release|Any CPU
	EndGlobalSection
EndGlobal
